
Microsoft Visual Studio Solution File, Format Version 12.00
# Visual Studio 15
VisualStudioVersion = 15.0.27130.2027
MinimumVisualStudioVersion = 10.0.40219.1
Project("{FAE04EC0-301F-11D3-BF4B-00C04F79EFBC}") = "IPSetter", "IPSetter\IPSetter.csproj", "{E13363CF-2DC6-441F-A0B6-51717D8D9EA7}"
EndProject
Global
	GlobalSection(SolutionConfigurationPlatforms) = preSolution
		Debug|Any CPU = Debug|Any CPU
		Release|Any CPU = Release|Any CPU
	EndGlobalSection
	GlobalSection(ProjectConfigurationPlatforms) = postSolution
		{E13363CF-2DC6-441F-A0B6-51717D8D9EA7}.Debug|Any CPU.ActiveCfg = Debug|Any CPU
		{E13363CF-2DC6-441F-A0B6-51717D8D9EA7}.Debug|Any CPU.Build.0 = Debug|Any CPU
		{E13363CF-2DC6-441F-A0B6-51717D8D9EA7}.Release|Any CPU.ActiveCfg = Release|Any CPU
		{E13363CF-2DC6-441F-A0B6-51717D8D9EA7}.Release|Any CPU.Build.0 = Release|Any CPU
	EndGlobalSection
	GlobalSection(SolutionProperties) = preSolution
		HideSolutionNode = FALSE
	EndGlobalSection
	GlobalSection(ExtensibilityGlobals) = postSolution
		SolutionGuid = {DAB9D2D3-A040-4EBD-BDDC-A12B1DA07858}
	EndGlobalSection
EndGlobal
